# @generated by Move, please check-in and do not edit manually.

[move]
version = 2
manifest_digest = "39E82DDA9E8818029B2EF32B993E6609808A15406C641D9B68C9E0E029630E3F"
deps_digest = "F8BBB0CCB2491CA29A3DF03D6F92277A4F3574266507ACD77214D37ECA3F3082"
dependencies = [
  { name = "Sui" },
]

[[move.package]]
name = "MoveStdlib"
source = { git = "https://github.com/MystenLabs/sui.git", rev = "framework/testnet", subdir = "crates/sui-framework/packages/move-stdlib" }

[[move.package]]
name = "Sui"
source = { git = "https://github.com/MystenLabs/sui.git", rev = "framework/testnet", subdir = "crates/sui-framework/packages/sui-framework" }

dependencies = [
  { name = "MoveStdlib" },
]

[move.toolchain-version]
compiler-version = "1.33.1"
edition = "2024.beta"
flavor = "sui"

[env]

[env.testnet]
chain-id = "4c78adac"
original-published-id = "0x1710a9b077a433087d0b4f73603ca2ffcfd83a25780b46ccc3d153894786d822"
latest-published-id = "0x1710a9b077a433087d0b4f73603ca2ffcfd83a25780b46ccc3d153894786d822"
published-version = "1"
